
Microsoft Visual Studio Solution File, Format Version 12.00
# Visual Studio Version 16
VisualStudioVersion = 16.0.30204.135
MinimumVisualStudioVersion = 10.0.40219.1
Project("{9A19103F-16F7-4668-BE54-9A1E7A4F7556}") = "Profeciones.Interface", "Profeciones.Interface\Profeciones.Interface.csproj", "{EA92CC34-0044-4F4C-A09A-D7FBAC702AC3}"
EndProject
Project("{9A19103F-16F7-4668-BE54-9A1E7A4F7556}") = "Profesiones.Consola", "Profesiones.Consola\Profesiones.Consola.csproj", "{861ABF01-EC95-4CCE-B5DE-FBE3F41C3750}"
EndProject
Project("{FAE04EC0-301F-11D3-BF4B-00C04F79EFBC}") = "Profesiones.Entidad", "Profesiones.Entidad\Profesiones.Entidad.csproj", "{B097024A-A4DE-4F42-B5DD-93402BB910EF}"
EndProject
Project("{FAE04EC0-301F-11D3-BF4B-00C04F79EFBC}") = "Profesiones.Implementacion", "Profesiones.Implementacion\Profesiones.Implementacion.csproj", "{33D3ABB4-DE35-4066-B022-A258425C04B2}"
EndProject
Project("{FAE04EC0-301F-11D3-BF4B-00C04F79EFBC}") = "Profesiones.Negocio", "Profesiones.Negocio\Profesiones.Negocio.csproj", "{3492C6E8-FB2F-4ADE-8874-69382D8E3BC5}"
EndProject
Project("{FAE04EC0-301F-11D3-BF4B-00C04F79EFBC}") = "Profesiones.AccesoDatos", "Profesiones.AccesoDatos\Profesiones.AccesoDatos.csproj", "{1E246CB7-2333-423C-BCA7-A8711D5BBC69}"
EndProject
Global
	GlobalSection(SolutionConfigurationPlatforms) = preSolution
		Debug|Any CPU = Debug|Any CPU
		Release|Any CPU = Release|Any CPU
	EndGlobalSection
	GlobalSection(ProjectConfigurationPlatforms) = postSolution
		{EA92CC34-0044-4F4C-A09A-D7FBAC702AC3}.Debug|Any CPU.ActiveCfg = Debug|Any CPU
		{EA92CC34-0044-4F4C-A09A-D7FBAC702AC3}.Debug|Any CPU.Build.0 = Debug|Any CPU
		{EA92CC34-0044-4F4C-A09A-D7FBAC702AC3}.Release|Any CPU.ActiveCfg = Release|Any CPU
		{EA92CC34-0044-4F4C-A09A-D7FBAC702AC3}.Release|Any CPU.Build.0 = Release|Any CPU
		{861ABF01-EC95-4CCE-B5DE-FBE3F41C3750}.Debug|Any CPU.ActiveCfg = Debug|Any CPU
		{861ABF01-EC95-4CCE-B5DE-FBE3F41C3750}.Debug|Any CPU.Build.0 = Debug|Any CPU
		{861ABF01-EC95-4CCE-B5DE-FBE3F41C3750}.Release|Any CPU.ActiveCfg = Release|Any CPU
		{861ABF01-EC95-4CCE-B5DE-FBE3F41C3750}.Release|Any CPU.Build.0 = Release|Any CPU
		{B097024A-A4DE-4F42-B5DD-93402BB910EF}.Debug|Any CPU.ActiveCfg = Debug|Any CPU
		{B097024A-A4DE-4F42-B5DD-93402BB910EF}.Debug|Any CPU.Build.0 = Debug|Any CPU
		{B097024A-A4DE-4F42-B5DD-93402BB910EF}.Release|Any CPU.ActiveCfg = Release|Any CPU
		{B097024A-A4DE-4F42-B5DD-93402BB910EF}.Release|Any CPU.Build.0 = Release|Any CPU
		{33D3ABB4-DE35-4066-B022-A258425C04B2}.Debug|Any CPU.ActiveCfg = Debug|Any CPU
		{33D3ABB4-DE35-4066-B022-A258425C04B2}.Debug|Any CPU.Build.0 = Debug|Any CPU
		{33D3ABB4-DE35-4066-B022-A258425C04B2}.Release|Any CPU.ActiveCfg = Release|Any CPU
		{33D3ABB4-DE35-4066-B022-A258425C04B2}.Release|Any CPU.Build.0 = Release|Any CPU
		{3492C6E8-FB2F-4ADE-8874-69382D8E3BC5}.Debug|Any CPU.ActiveCfg = Debug|Any CPU
		{3492C6E8-FB2F-4ADE-8874-69382D8E3BC5}.Debug|Any CPU.Build.0 = Debug|Any CPU
		{3492C6E8-FB2F-4ADE-8874-69382D8E3BC5}.Release|Any CPU.ActiveCfg = Release|Any CPU
		{3492C6E8-FB2F-4ADE-8874-69382D8E3BC5}.Release|Any CPU.Build.0 = Release|Any CPU
		{1E246CB7-2333-423C-BCA7-A8711D5BBC69}.Debug|Any CPU.ActiveCfg = Debug|Any CPU
		{1E246CB7-2333-423C-BCA7-A8711D5BBC69}.Debug|Any CPU.Build.0 = Debug|Any CPU
		{1E246CB7-2333-423C-BCA7-A8711D5BBC69}.Release|Any CPU.ActiveCfg = Release|Any CPU
		{1E246CB7-2333-423C-BCA7-A8711D5BBC69}.Release|Any CPU.Build.0 = Release|Any CPU
	EndGlobalSection
	GlobalSection(SolutionProperties) = preSolution
		HideSolutionNode = FALSE
	EndGlobalSection
	GlobalSection(ExtensibilityGlobals) = postSolution
		SolutionGuid = {E3267416-F5DE-4DA4-88C8-92101AC1B388}
	EndGlobalSection
EndGlobal
